
Microsoft Visual Studio Solution File, Format Version 12.00
# Visual Studio 2012
Project("{FAE04EC0-301F-11D3-BF4B-00C04F79EFBC}") = "BarometerStudent", "BarometerStudent\BarometerStudent.csproj", "{439EF43B-B012-4F01-8AA1-D5155ACF8B2D}"
EndProject
Project("{FAE04EC0-301F-11D3-BF4B-00C04F79EFBC}") = "BarometerStudent.Domain", "BarometerStudent.Domain\BarometerStudent.Domain.csproj", "{BA8E9BCF-D2C4-44AF-8A7D-BA9FB94FF2CF}"
EndProject
Global
	GlobalSection(SolutionConfigurationPlatforms) = preSolution
		Debug|Any CPU = Debug|Any CPU
		Release|Any CPU = Release|Any CPU
	EndGlobalSection
	GlobalSection(ProjectConfigurationPlatforms) = postSolution
		{439EF43B-B012-4F01-8AA1-D5155ACF8B2D}.Debug|Any CPU.ActiveCfg = Debug|Any CPU
		{439EF43B-B012-4F01-8AA1-D5155ACF8B2D}.Debug|Any CPU.Build.0 = Debug|Any CPU
		{439EF43B-B012-4F01-8AA1-D5155ACF8B2D}.Release|Any CPU.ActiveCfg = Release|Any CPU
		{439EF43B-B012-4F01-8AA1-D5155ACF8B2D}.Release|Any CPU.Build.0 = Release|Any CPU
		{BA8E9BCF-D2C4-44AF-8A7D-BA9FB94FF2CF}.Debug|Any CPU.ActiveCfg = Debug|Any CPU
		{BA8E9BCF-D2C4-44AF-8A7D-BA9FB94FF2CF}.Debug|Any CPU.Build.0 = Debug|Any CPU
		{BA8E9BCF-D2C4-44AF-8A7D-BA9FB94FF2CF}.Release|Any CPU.ActiveCfg = Release|Any CPU
		{BA8E9BCF-D2C4-44AF-8A7D-BA9FB94FF2CF}.Release|Any CPU.Build.0 = Release|Any CPU
	EndGlobalSection
	GlobalSection(SolutionProperties) = preSolution
		HideSolutionNode = FALSE
	EndGlobalSection
EndGlobal
