
Microsoft Visual Studio Solution File, Format Version 12.00
# Visual Studio 2012
Project("{F088123C-0E9E-452A-89E6-6BA2F21D5CAC}") = "DKD", "DKD\DKD.modelproj", "{C88E855D-70B2-449D-8E31-599828EB1D63}"
EndProject
Global
	GlobalSection(SolutionConfigurationPlatforms) = preSolution
		Debug|Any CPU = Debug|Any CPU
		Release|Any CPU = Release|Any CPU
	EndGlobalSection
	GlobalSection(ProjectConfigurationPlatforms) = postSolution
		{C88E855D-70B2-449D-8E31-599828EB1D63}.Debug|Any CPU.ActiveCfg = Debug|Any CPU
		{C88E855D-70B2-449D-8E31-599828EB1D63}.Debug|Any CPU.Build.0 = Debug|Any CPU
		{C88E855D-70B2-449D-8E31-599828EB1D63}.Release|Any CPU.ActiveCfg = Release|Any CPU
		{C88E855D-70B2-449D-8E31-599828EB1D63}.Release|Any CPU.Build.0 = Release|Any CPU
	EndGlobalSection
	GlobalSection(SolutionProperties) = preSolution
		HideSolutionNode = FALSE
	EndGlobalSection
EndGlobal
